
Microsoft Visual Studio Solution File, Format Version 12.00
# Visual Studio Version 16
VisualStudioVersion = 16.0.29326.143
MinimumVisualStudioVersion = 10.0.40219.1
Project("{FAE04EC0-301F-11D3-BF4B-00C04F79EFBC}") = "ConsoleApp1", "ConsoleApp1\ConsoleApp1.csproj", "{EABF4453-D1E4-4CD9-8AF1-1B74A695592B}"
EndProject
Global
	GlobalSection(SolutionConfigurationPlatforms) = preSolution
		Debug|Any CPU = Debug|Any CPU
		Release|Any CPU = Release|Any CPU
	EndGlobalSection
	GlobalSection(ProjectConfigurationPlatforms) = postSolution
		{EABF4453-D1E4-4CD9-8AF1-1B74A695592B}.Debug|Any CPU.ActiveCfg = Debug|Any CPU
		{EABF4453-D1E4-4CD9-8AF1-1B74A695592B}.Debug|Any CPU.Build.0 = Debug|Any CPU
		{EABF4453-D1E4-4CD9-8AF1-1B74A695592B}.Release|Any CPU.ActiveCfg = Release|Any CPU
		{EABF4453-D1E4-4CD9-8AF1-1B74A695592B}.Release|Any CPU.Build.0 = Release|Any CPU
	EndGlobalSection
	GlobalSection(SolutionProperties) = preSolution
		HideSolutionNode = FALSE
	EndGlobalSection
	GlobalSection(ExtensibilityGlobals) = postSolution
		SolutionGuid = {3F83776A-3A65-4454-B744-2DE21187B42E}
	EndGlobalSection
EndGlobal
