
Microsoft Visual Studio Solution File, Format Version 12.00
# Visual Studio Version 16
VisualStudioVersion = 16.0.29326.143
MinimumVisualStudioVersion = 10.0.40219.1
Project("{FAE04EC0-301F-11D3-BF4B-00C04F79EFBC}") = "test1", "test1\test1.csproj", "{0846C6C7-EBFB-4167-90A5-24B09519E69C}"
EndProject
Global
	GlobalSection(SolutionConfigurationPlatforms) = preSolution
		Debug|Any CPU = Debug|Any CPU
		Release|Any CPU = Release|Any CPU
	EndGlobalSection
	GlobalSection(ProjectConfigurationPlatforms) = postSolution
		{0846C6C7-EBFB-4167-90A5-24B09519E69C}.Debug|Any CPU.ActiveCfg = Debug|Any CPU
		{0846C6C7-EBFB-4167-90A5-24B09519E69C}.Debug|Any CPU.Build.0 = Debug|Any CPU
		{0846C6C7-EBFB-4167-90A5-24B09519E69C}.Release|Any CPU.ActiveCfg = Release|Any CPU
		{0846C6C7-EBFB-4167-90A5-24B09519E69C}.Release|Any CPU.Build.0 = Release|Any CPU
	EndGlobalSection
	GlobalSection(SolutionProperties) = preSolution
		HideSolutionNode = FALSE
	EndGlobalSection
	GlobalSection(ExtensibilityGlobals) = postSolution
		SolutionGuid = {A2A62E4C-BABF-4E06-8154-D4F3D93B3655}
	EndGlobalSection
EndGlobal
