
Microsoft Visual Studio Solution File, Format Version 12.00
# Visual Studio Version 16
VisualStudioVersion = 16.0.30204.135
MinimumVisualStudioVersion = 10.0.40219.1
Project("{FAE04EC0-301F-11D3-BF4B-00C04F79EFBC}") = "AlgorytmCezara", "AlgorytmCezara\AlgorytmCezara.csproj", "{6E4B2941-1490-4E0D-9C2A-C478F5E3EDB2}"
EndProject
Global
	GlobalSection(SolutionConfigurationPlatforms) = preSolution
		Debug|Any CPU = Debug|Any CPU
		Release|Any CPU = Release|Any CPU
	EndGlobalSection
	GlobalSection(ProjectConfigurationPlatforms) = postSolution
		{6E4B2941-1490-4E0D-9C2A-C478F5E3EDB2}.Debug|Any CPU.ActiveCfg = Debug|Any CPU
		{6E4B2941-1490-4E0D-9C2A-C478F5E3EDB2}.Debug|Any CPU.Build.0 = Debug|Any CPU
		{6E4B2941-1490-4E0D-9C2A-C478F5E3EDB2}.Release|Any CPU.ActiveCfg = Release|Any CPU
		{6E4B2941-1490-4E0D-9C2A-C478F5E3EDB2}.Release|Any CPU.Build.0 = Release|Any CPU
	EndGlobalSection
	GlobalSection(SolutionProperties) = preSolution
		HideSolutionNode = FALSE
	EndGlobalSection
	GlobalSection(ExtensibilityGlobals) = postSolution
		SolutionGuid = {B06BFA65-6591-451B-8CB3-6CAC71CA0B2D}
	EndGlobalSection
EndGlobal
