
Microsoft Visual Studio Solution File, Format Version 12.00
# Visual Studio Version 16
VisualStudioVersion = 16.0.29326.143
MinimumVisualStudioVersion = 10.0.40219.1
Project("{FAE04EC0-301F-11D3-BF4B-00C04F79EFBC}") = "secondProject", "secondProject\secondProject.csproj", "{CCCDAC26-A0CA-4D8B-9DA4-869310BB9391}"
EndProject
Global
	GlobalSection(SolutionConfigurationPlatforms) = preSolution
		Debug|Any CPU = Debug|Any CPU
		Release|Any CPU = Release|Any CPU
	EndGlobalSection
	GlobalSection(ProjectConfigurationPlatforms) = postSolution
		{CCCDAC26-A0CA-4D8B-9DA4-869310BB9391}.Debug|Any CPU.ActiveCfg = Debug|Any CPU
		{CCCDAC26-A0CA-4D8B-9DA4-869310BB9391}.Debug|Any CPU.Build.0 = Debug|Any CPU
		{CCCDAC26-A0CA-4D8B-9DA4-869310BB9391}.Release|Any CPU.ActiveCfg = Release|Any CPU
		{CCCDAC26-A0CA-4D8B-9DA4-869310BB9391}.Release|Any CPU.Build.0 = Release|Any CPU
	EndGlobalSection
	GlobalSection(SolutionProperties) = preSolution
		HideSolutionNode = FALSE
	EndGlobalSection
	GlobalSection(ExtensibilityGlobals) = postSolution
		SolutionGuid = {4EBA29D0-9C21-4346-8550-00051D49775C}
	EndGlobalSection
EndGlobal
