
Microsoft Visual Studio Solution File, Format Version 12.00
# Visual Studio Version 16
VisualStudioVersion = 16.0.29326.143
MinimumVisualStudioVersion = 10.0.40219.1
Project("{FAE04EC0-301F-11D3-BF4B-00C04F79EFBC}") = "Exceptions3", "Exceptions3.csproj", "{BED6FDBB-7B65-43FE-A501-AAAD66745000}"
EndProject
Global
	GlobalSection(SolutionConfigurationPlatforms) = preSolution
		Debug|Any CPU = Debug|Any CPU
		Release|Any CPU = Release|Any CPU
	EndGlobalSection
	GlobalSection(ProjectConfigurationPlatforms) = postSolution
		{BED6FDBB-7B65-43FE-A501-AAAD66745000}.Debug|Any CPU.ActiveCfg = Debug|Any CPU
		{BED6FDBB-7B65-43FE-A501-AAAD66745000}.Debug|Any CPU.Build.0 = Debug|Any CPU
		{BED6FDBB-7B65-43FE-A501-AAAD66745000}.Release|Any CPU.ActiveCfg = Release|Any CPU
		{BED6FDBB-7B65-43FE-A501-AAAD66745000}.Release|Any CPU.Build.0 = Release|Any CPU
	EndGlobalSection
	GlobalSection(SolutionProperties) = preSolution
		HideSolutionNode = FALSE
	EndGlobalSection
	GlobalSection(ExtensibilityGlobals) = postSolution
		SolutionGuid = {74F6BACB-65C1-414A-80E1-0E522720A02D}
	EndGlobalSection
EndGlobal
