
Microsoft Visual Studio Solution File, Format Version 12.00
# Visual Studio Version 16
VisualStudioVersion = 16.0.29326.143
MinimumVisualStudioVersion = 10.0.40219.1
Project("{FAE04EC0-301F-11D3-BF4B-00C04F79EFBC}") = "Pliki2", "Pliki2.csproj", "{5C1823CC-5307-4368-B6FB-D835C1D10434}"
EndProject
Global
	GlobalSection(SolutionConfigurationPlatforms) = preSolution
		Debug|Any CPU = Debug|Any CPU
		Release|Any CPU = Release|Any CPU
	EndGlobalSection
	GlobalSection(ProjectConfigurationPlatforms) = postSolution
		{5C1823CC-5307-4368-B6FB-D835C1D10434}.Debug|Any CPU.ActiveCfg = Debug|Any CPU
		{5C1823CC-5307-4368-B6FB-D835C1D10434}.Debug|Any CPU.Build.0 = Debug|Any CPU
		{5C1823CC-5307-4368-B6FB-D835C1D10434}.Release|Any CPU.ActiveCfg = Release|Any CPU
		{5C1823CC-5307-4368-B6FB-D835C1D10434}.Release|Any CPU.Build.0 = Release|Any CPU
	EndGlobalSection
	GlobalSection(SolutionProperties) = preSolution
		HideSolutionNode = FALSE
	EndGlobalSection
	GlobalSection(ExtensibilityGlobals) = postSolution
		SolutionGuid = {08728634-1EE9-4E24-ABDD-6A6B3FAA4F73}
	EndGlobalSection
EndGlobal
